
Microsoft Visual Studio Solution File, Format Version 12.00
# Visual Studio Version 16
VisualStudioVersion = 16.0.31911.196
MinimumVisualStudioVersion = 10.0.40219.1
Project("{FAE04EC0-301F-11D3-BF4B-00C04F79EFBC}") = "Interfaces2", "Interfaces2.csproj", "{D49D8A24-D765-42BA-BAD8-A49D71066DE3}"
EndProject
Global
	GlobalSection(SolutionConfigurationPlatforms) = preSolution
		Debug|Any CPU = Debug|Any CPU
		Release|Any CPU = Release|Any CPU
	EndGlobalSection
	GlobalSection(ProjectConfigurationPlatforms) = postSolution
		{D49D8A24-D765-42BA-BAD8-A49D71066DE3}.Debug|Any CPU.ActiveCfg = Debug|Any CPU
		{D49D8A24-D765-42BA-BAD8-A49D71066DE3}.Debug|Any CPU.Build.0 = Debug|Any CPU
		{D49D8A24-D765-42BA-BAD8-A49D71066DE3}.Release|Any CPU.ActiveCfg = Release|Any CPU
		{D49D8A24-D765-42BA-BAD8-A49D71066DE3}.Release|Any CPU.Build.0 = Release|Any CPU
	EndGlobalSection
	GlobalSection(SolutionProperties) = preSolution
		HideSolutionNode = FALSE
	EndGlobalSection
	GlobalSection(ExtensibilityGlobals) = postSolution
		SolutionGuid = {48250D8E-3FD6-471F-857E-477375B8A7AB}
	EndGlobalSection
EndGlobal
