
Microsoft Visual Studio Solution File, Format Version 12.00
# Visual Studio Version 16
VisualStudioVersion = 16.0.32002.261
MinimumVisualStudioVersion = 10.0.40219.1
Project("{FAE04EC0-301F-11D3-BF4B-00C04F79EFBC}") = "Events", "Events.csproj", "{D20447AD-5F92-47B8-8933-5FF49D0E6CCE}"
EndProject
Global
	GlobalSection(SolutionConfigurationPlatforms) = preSolution
		Debug|Any CPU = Debug|Any CPU
		Release|Any CPU = Release|Any CPU
	EndGlobalSection
	GlobalSection(ProjectConfigurationPlatforms) = postSolution
		{D20447AD-5F92-47B8-8933-5FF49D0E6CCE}.Debug|Any CPU.ActiveCfg = Debug|Any CPU
		{D20447AD-5F92-47B8-8933-5FF49D0E6CCE}.Debug|Any CPU.Build.0 = Debug|Any CPU
		{D20447AD-5F92-47B8-8933-5FF49D0E6CCE}.Release|Any CPU.ActiveCfg = Release|Any CPU
		{D20447AD-5F92-47B8-8933-5FF49D0E6CCE}.Release|Any CPU.Build.0 = Release|Any CPU
	EndGlobalSection
	GlobalSection(SolutionProperties) = preSolution
		HideSolutionNode = FALSE
	EndGlobalSection
	GlobalSection(ExtensibilityGlobals) = postSolution
		SolutionGuid = {86EA87E2-E8FC-48F2-9F35-8DE869F06A38}
	EndGlobalSection
EndGlobal
