
Microsoft Visual Studio Solution File, Format Version 12.00
# Visual Studio Version 16
VisualStudioVersion = 16.0.31911.196
MinimumVisualStudioVersion = 10.0.40219.1
Project("{FAE04EC0-301F-11D3-BF4B-00C04F79EFBC}") = "Inheritance", "Inheritance.csproj", "{7D7F79A6-E709-471D-84FB-81B698EBC2DC}"
EndProject
Global
	GlobalSection(SolutionConfigurationPlatforms) = preSolution
		Debug|Any CPU = Debug|Any CPU
		Release|Any CPU = Release|Any CPU
	EndGlobalSection
	GlobalSection(ProjectConfigurationPlatforms) = postSolution
		{7D7F79A6-E709-471D-84FB-81B698EBC2DC}.Debug|Any CPU.ActiveCfg = Debug|Any CPU
		{7D7F79A6-E709-471D-84FB-81B698EBC2DC}.Debug|Any CPU.Build.0 = Debug|Any CPU
		{7D7F79A6-E709-471D-84FB-81B698EBC2DC}.Release|Any CPU.ActiveCfg = Release|Any CPU
		{7D7F79A6-E709-471D-84FB-81B698EBC2DC}.Release|Any CPU.Build.0 = Release|Any CPU
	EndGlobalSection
	GlobalSection(SolutionProperties) = preSolution
		HideSolutionNode = FALSE
	EndGlobalSection
	GlobalSection(ExtensibilityGlobals) = postSolution
		SolutionGuid = {2066C506-C61B-445B-BF17-E17F1E8E894D}
	EndGlobalSection
EndGlobal
