
Microsoft Visual Studio Solution File, Format Version 12.00
# Visual Studio Version 16
VisualStudioVersion = 16.0.32002.261
MinimumVisualStudioVersion = 10.0.40219.1
Project("{FAE04EC0-301F-11D3-BF4B-00C04F79EFBC}") = "Attributes", "Attributes.csproj", "{A54E6C4D-3FD5-4B98-B0FD-643F6EF6BFE8}"
EndProject
Global
	GlobalSection(SolutionConfigurationPlatforms) = preSolution
		Debug|Any CPU = Debug|Any CPU
		Release|Any CPU = Release|Any CPU
	EndGlobalSection
	GlobalSection(ProjectConfigurationPlatforms) = postSolution
		{A54E6C4D-3FD5-4B98-B0FD-643F6EF6BFE8}.Debug|Any CPU.ActiveCfg = Debug|Any CPU
		{A54E6C4D-3FD5-4B98-B0FD-643F6EF6BFE8}.Debug|Any CPU.Build.0 = Debug|Any CPU
		{A54E6C4D-3FD5-4B98-B0FD-643F6EF6BFE8}.Release|Any CPU.ActiveCfg = Release|Any CPU
		{A54E6C4D-3FD5-4B98-B0FD-643F6EF6BFE8}.Release|Any CPU.Build.0 = Release|Any CPU
	EndGlobalSection
	GlobalSection(SolutionProperties) = preSolution
		HideSolutionNode = FALSE
	EndGlobalSection
	GlobalSection(ExtensibilityGlobals) = postSolution
		SolutionGuid = {D5C17382-56A0-4777-8374-6BCF8D2BB24E}
	EndGlobalSection
EndGlobal
