
Microsoft Visual Studio Solution File, Format Version 12.00
# Visual Studio Version 16
VisualStudioVersion = 16.0.31911.196
MinimumVisualStudioVersion = 10.0.40219.1
Project("{FAE04EC0-301F-11D3-BF4B-00C04F79EFBC}") = "Interfaces1", "Interfaces1.csproj", "{23FB150E-764D-4FB7-A1FE-423A35E18F9A}"
EndProject
Global
	GlobalSection(SolutionConfigurationPlatforms) = preSolution
		Debug|Any CPU = Debug|Any CPU
		Release|Any CPU = Release|Any CPU
	EndGlobalSection
	GlobalSection(ProjectConfigurationPlatforms) = postSolution
		{23FB150E-764D-4FB7-A1FE-423A35E18F9A}.Debug|Any CPU.ActiveCfg = Debug|Any CPU
		{23FB150E-764D-4FB7-A1FE-423A35E18F9A}.Debug|Any CPU.Build.0 = Debug|Any CPU
		{23FB150E-764D-4FB7-A1FE-423A35E18F9A}.Release|Any CPU.ActiveCfg = Release|Any CPU
		{23FB150E-764D-4FB7-A1FE-423A35E18F9A}.Release|Any CPU.Build.0 = Release|Any CPU
	EndGlobalSection
	GlobalSection(SolutionProperties) = preSolution
		HideSolutionNode = FALSE
	EndGlobalSection
	GlobalSection(ExtensibilityGlobals) = postSolution
		SolutionGuid = {716BB9E2-364B-4F5A-B0BC-B8817DE00CC1}
	EndGlobalSection
EndGlobal
