
Microsoft Visual Studio Solution File, Format Version 12.00
# Visual Studio Version 16
VisualStudioVersion = 16.0.32002.261
MinimumVisualStudioVersion = 10.0.40219.1
Project("{FAE04EC0-301F-11D3-BF4B-00C04F79EFBC}") = "Reflection", "Reflection.csproj", "{93D88AB3-77F1-4E01-B0C7-D5EF6989CC44}"
EndProject
Global
	GlobalSection(SolutionConfigurationPlatforms) = preSolution
		Debug|Any CPU = Debug|Any CPU
		Release|Any CPU = Release|Any CPU
	EndGlobalSection
	GlobalSection(ProjectConfigurationPlatforms) = postSolution
		{93D88AB3-77F1-4E01-B0C7-D5EF6989CC44}.Debug|Any CPU.ActiveCfg = Debug|Any CPU
		{93D88AB3-77F1-4E01-B0C7-D5EF6989CC44}.Debug|Any CPU.Build.0 = Debug|Any CPU
		{93D88AB3-77F1-4E01-B0C7-D5EF6989CC44}.Release|Any CPU.ActiveCfg = Release|Any CPU
		{93D88AB3-77F1-4E01-B0C7-D5EF6989CC44}.Release|Any CPU.Build.0 = Release|Any CPU
	EndGlobalSection
	GlobalSection(SolutionProperties) = preSolution
		HideSolutionNode = FALSE
	EndGlobalSection
	GlobalSection(ExtensibilityGlobals) = postSolution
		SolutionGuid = {F3EE0771-0616-4F21-AED5-C00CA46C6FCE}
	EndGlobalSection
EndGlobal
