
Microsoft Visual Studio Solution File, Format Version 12.00
# Visual Studio Version 16
VisualStudioVersion = 16.0.32002.261
MinimumVisualStudioVersion = 10.0.40219.1
Project("{FAE04EC0-301F-11D3-BF4B-00C04F79EFBC}") = "Delegates", "Delegates.csproj", "{30C92718-7803-434A-9096-5DE9D005B9C3}"
EndProject
Global
	GlobalSection(SolutionConfigurationPlatforms) = preSolution
		Debug|Any CPU = Debug|Any CPU
		Release|Any CPU = Release|Any CPU
	EndGlobalSection
	GlobalSection(ProjectConfigurationPlatforms) = postSolution
		{30C92718-7803-434A-9096-5DE9D005B9C3}.Debug|Any CPU.ActiveCfg = Debug|Any CPU
		{30C92718-7803-434A-9096-5DE9D005B9C3}.Debug|Any CPU.Build.0 = Debug|Any CPU
		{30C92718-7803-434A-9096-5DE9D005B9C3}.Release|Any CPU.ActiveCfg = Release|Any CPU
		{30C92718-7803-434A-9096-5DE9D005B9C3}.Release|Any CPU.Build.0 = Release|Any CPU
	EndGlobalSection
	GlobalSection(SolutionProperties) = preSolution
		HideSolutionNode = FALSE
	EndGlobalSection
	GlobalSection(ExtensibilityGlobals) = postSolution
		SolutionGuid = {A08B3D0C-1F37-48E3-8EBA-0EC881FE91AF}
	EndGlobalSection
EndGlobal
